Microsoft Visual Studio Solution File, Format Version 12.00
# Visual Studio Version 17
VisualStudioVersion = 17.5.2.0
MinimumVisualStudioVersion = 10.0.40219.1
Project("{FAE04EC0-301F-11D3-BF4B-00C04F79EFBC}") = "PerformansTakip", "PerformansTakip.csproj", "{42A0E2C6-B87C-642F-36A1-46DC6974522D}"
EndProject
Global
	GlobalSection(SolutionConfigurationPlatforms) = preSolution
		Debug|Any CPU = Debug|Any CPU
		Release|Any CPU = Release|Any CPU
	EndGlobalSection
	GlobalSection(ProjectConfigurationPlatforms) = postSolution
		{42A0E2C6-B87C-642F-36A1-46DC6974522D}.Debug|Any CPU.ActiveCfg = Debug|Any CPU
		{42A0E2C6-B87C-642F-36A1-46DC6974522D}.Debug|Any CPU.Build.0 = Debug|Any CPU
		{42A0E2C6-B87C-642F-36A1-46DC6974522D}.Release|Any CPU.ActiveCfg = Release|Any CPU
		{42A0E2C6-B87C-642F-36A1-46DC6974522D}.Release|Any CPU.Build.0 = Release|Any CPU
	EndGlobalSection
	GlobalSection(SolutionProperties) = preSolution
		HideSolutionNode = FALSE
	EndGlobalSection
	GlobalSection(ExtensibilityGlobals) = postSolution
		SolutionGuid = {2522F873-A892-44EE-84E9-7A5FD482158D}
	EndGlobalSection
EndGlobal
